
Microsoft Visual Studio Solution File, Format Version 12.00
# Visual Studio Version 17
VisualStudioVersion = 17.5.33424.131
MinimumVisualStudioVersion = 10.0.40219.1
Project("{9A19103F-16F7-4668-BE54-9A1E7A4F7556}") = "Todos", "Todos.csproj", "{2F73FFAA-E344-474F-A61B-C2847B2B93EA}"
EndProject
Project("{9A19103F-16F7-4668-BE54-9A1E7A4F7556}") = "TodosTest", "TodosTest\TodosTest.csproj", "{6644DF7E-B90C-4C15-AA0C-4D32EF99CB8D}"
EndProject
Global
	GlobalSection(SolutionConfigurationPlatforms) = preSolution
		Debug|Any CPU = Debug|Any CPU
		Release|Any CPU = Release|Any CPU
	EndGlobalSection
	GlobalSection(ProjectConfigurationPlatforms) = postSolution
		{2F73FFAA-E344-474F-A61B-C2847B2B93EA}.Debug|Any CPU.ActiveCfg = Debug|Any CPU
		{2F73FFAA-E344-474F-A61B-C2847B2B93EA}.Debug|Any CPU.Build.0 = Debug|Any CPU
		{2F73FFAA-E344-474F-A61B-C2847B2B93EA}.Release|Any CPU.ActiveCfg = Release|Any CPU
		{2F73FFAA-E344-474F-A61B-C2847B2B93EA}.Release|Any CPU.Build.0 = Release|Any CPU
		{6644DF7E-B90C-4C15-AA0C-4D32EF99CB8D}.Debug|Any CPU.ActiveCfg = Debug|Any CPU
		{6644DF7E-B90C-4C15-AA0C-4D32EF99CB8D}.Debug|Any CPU.Build.0 = Debug|Any CPU
		{6644DF7E-B90C-4C15-AA0C-4D32EF99CB8D}.Release|Any CPU.ActiveCfg = Release|Any CPU
		{6644DF7E-B90C-4C15-AA0C-4D32EF99CB8D}.Release|Any CPU.Build.0 = Release|Any CPU
	EndGlobalSection
	GlobalSection(SolutionProperties) = preSolution
		HideSolutionNode = FALSE
	EndGlobalSection
	GlobalSection(ExtensibilityGlobals) = postSolution
		SolutionGuid = {2ED3759A-582B-4D3F-BE49-9D6E273E0A4B}
	EndGlobalSection
EndGlobal
